github.com/go-logr/logr v0.3.0 h1:q4c+kbcR0d5rSurhBR8dIgieOaYpXtsdTYfx22Cu6rs=
github.com/go-logr/logr v0.3.0/go.mod h1:z6/tIYblkpsD+a4lm/fGIIU9mZ+XfAiaFtq7xTgseGU=
github.com/ymichaelson/klog v1.0.0 h1:RodTykOEvJVRHPSydUtZlRIQURZdDyuZnyubKqQESAI=
github.com/ymichaelson/klog v1.0.0/go.mod h1:U0QHQ3Zbm1FTkTG4KVCFkCuoH4arieODxhoEKKqhT6o=
